// !$*UTF8*$!
{
	archiveVersion = 1;
	classes = {
	};
	objectVersion = 77;
	objects = {

/* Begin PBXContainerItemProxy section */
		E946B06C2F45310A00F43C5B /* PBXContainerItemProxy */ = {
			isa = PBXContainerItemProxy;
			containerPortal = E946B0522F45310900F43C5B /* Project object */;
			proxyType = 1;
			remoteGlobalIDString = E946B0592F45310900F43C5B;
			remoteInfo = BistScreener;
		};
		E946B0762F45310A00F43C5B /* PBXContainerItemProxy */ = {
			isa = PBXContainerItemProxy;
			containerPortal = E946B0522F45310900F43C5B /* Project object */;
			proxyType = 1;
			remoteGlobalIDString = E946B0592F45310900F43C5B;
			remoteInfo = BistScreener;
		};
/* End PBXContainerItemProxy section */

/* Begin PBXFileReference section */
		E946B05A2F45310900F43C5B /* BistScreener.app */ = {isa = PBXFileReference; explicitFileType = wrapper.application; includeInIndex = 0; path = BistScreener.app; sourceTree = BUILT_PRODUCTS_DIR; };
		E946B06B2F45310A00F43C5B /* BistScreenerTests.xctest */ = {isa = PBXFileReference; explicitFileType = wrapper.cfbundle; includeInIndex = 0; path = BistScreenerTests.xctest; sourceTree = BUILT_PRODUCTS_DIR; };
		E946B0752F45310A00F43C5B /* BistScreenerUITests.xctest */ = {isa = PBXFileReference; explicitFileType = wrapper.cfbundle; includeInIndex = 0; path = BistScreenerUITests.xctest; sourceTree = BUILT_PRODUCTS_DIR; };
/* End PBXFileReference section */

/* Begin PBXFileSystemSynchronizedBuildFileExceptionSet section */
		E946B07D2F45310A00F43C5B /* Exceptions for "BistScreener" folder in "BistScreener" target */ = {
			isa = PBXFileSystemSynchronizedBuildFileExceptionSet;
			membershipExceptions = (
				Info.plist,
			);
			target = E946B0592F45310900F43C5B /* BistScreener */;
		};
/* End PBXFileSystemSynchronizedBuildFileExceptionSet section */

/* Begin PBXFileSystemSynchronizedRootGroup section */
		E946B05C2F45310900F43C5B /* BistScreener */ = {
			isa = PBXFileSystemSynchronizedRootGroup;
			exceptions = (
				E946B07D2F45310A00F43C5B /* Exceptions for "BistScreener" folder in "BistScreener" target */,
			);
			path = BistScreener;
			sourceTree = "<group>";
		};
		E946B06E2F45310A00F43C5B /* BistScreenerTests */ = {
			isa = PBXFileSystemSynchronizedRootGroup;
			path = BistScreenerTests;
			sourceTree = "<group>";
		};
		E946B0782F45310A00F43C5B /* BistScreenerUITests */ = {
			isa = PBXFileSystemSynchronizedRootGroup;
			path = BistScreenerUITests;
			sourceTree = "<group>";
		};
/* End PBXFileSystemSynchronizedRootGroup section */

/* Begin PBXFrameworksBuildPhase section */
		E946B0572F45310900F43C5B /* Frameworks */ = {
			isa = PBXFrameworksBuildPhase;
			buildActionMask = 2147483647;
			files = (
			);
			runOnlyForDeploymentPostprocessing = 0;
		};
		E946B0682F45310A00F43C5B /* Frameworks */ = {
			isa = PBXFrameworksBuildPhase;
			buildActionMask = 2147483647;
			files = (
			);
			runOnlyForDeploymentPostprocessing = 0;
		};
		E946B0722F45310A00F43C5B /* Frameworks */ = {
			isa = PBXFrameworksBuildPhase;
			buildActionMask = 2147483647;
			files = (
			);
			runOnlyForDeploymentPostprocessing = 0;
		};
/* End PBXFrameworksBuildPhase section */

/* Begin PBXGroup section */
		E946B0512F45310900F43C5B = {
			isa = PBXGroup;
			children = (
				E946B05C2F45310900F43C5B /* BistScreener */,
				E946B06E2F45310A00F43C5B /* BistScreenerTests */,
				E946B0782F45310A00F43C5B /* BistScreenerUITests */,
				E946B05B2F45310900F43C5B /* Products */,
			);
			sourceTree = "<group>";
		};
		E946B05B2F45310900F43C5B /* Products */ = {
			isa = PBXGroup;
			children = (
				E946B05A2F45310900F43C5B /* BistScreener.app */,
				E946B06B2F45310A00F43C5B /* BistScreenerTests.xctest */,
				E946B0752F45310A00F43C5B /* BistScreenerUITests.xctest */,
			);
			name = Products;
			sourceTree = "<group>";
		};
/* End PBXGroup section */

/* Begin PBXNativeTarget section */
		E946B0592F45310900F43C5B /* BistScreener */ = {
			isa = PBXNativeTarget;
			buildConfigurationList = E946B07E2F45310A00F43C5B /* Build configuration list for PBXNativeTarget "BistScreener" */;
			buildPhases = (
				E946B0562F45310900F43C5B /* Sources */,
				E946B0572F45310900F43C5B /* Frameworks */,
				E946B0582F45310900F43C5B /* Resources */,
			);
			buildRules = (
			);
			dependencies = (
			);
			fileSystemSynchronizedGroups = (
				E946B05C2F45310900F43C5B /* BistScreener */,
			);
			name = BistScreener;
			packageProductDependencies = (
			);
			productName = BistScreener;
			productReference = E946B05A2F45310900F43C5B /* BistScreener.app */;
			productType = "com.apple.product-type.application";
		};
		E946B06A2F45310A00F43C5B /* BistScreenerTests */ = {
			isa = PBXNativeTarget;
			buildConfigurationList = E946B0832F45310A00F43C5B /* Build configuration list for PBXNativeTarget "BistScreenerTests" */;
			buildPhases = (
				E946B0672F45310A00F43C5B /* Sources */,
				E946B0682F45310A00F43C5B /* Frameworks */,
				E946B0692F45310A00F43C5B /* Resources */,
			);
			buildRules = (
			);
			dependencies = (
				E946B06D2F45310A00F43C5B /* PBXTargetDependency */,
			);
			fileSystemSynchronizedGroups = (
				E946B06E2F45310A00F43C5B /* BistScreenerTests */,
			);
			name = BistScreenerTests;
			packageProductDependencies = (
			);
			productName = BistScreenerTests;
			productReference = E946B06B2F45310A00F43C5B /* BistScreenerTests.xctest */;
			productType = "com.apple.product-type.bundle.unit-test";
		};
		E946B0742F45310A00F43C5B /* BistScreenerUITests */ = {
			isa = PBXNativeTarget;
			buildConfigurationList = E946B0862F45310A00F43C5B /* Build configuration list for PBXNativeTarget "BistScreenerUITests" */;
			buildPhases = (
				E946B0712F45310A00F43C5B /* Sources */,
				E946B0722F45310A00F43C5B /* Frameworks */,
				E946B0732F45310A00F43C5B /* Resources */,
			);
			buildRules = (
			);
			dependencies = (
				E946B0772F45310A00F43C5B /* PBXTargetDependency */,
			);
			fileSystemSynchronizedGroups = (
				E946B0782F45310A00F43C5B /* BistScreenerUITests */,
			);
			name = BistScreenerUITests;
			packageProductDependencies = (
			);
			productName = BistScreenerUITests;
			productReference = E946B0752F45310A00F43C5B /* BistScreenerUITests.xctest */;
			productType = "com.apple.product-type.bundle.ui-testing";
		};
/* End PBXNativeTarget section */

/* Begin PBXProject section */
		E946B0522F45310900F43C5B /* Project object */ = {
			isa = PBXProject;
			attributes = {
				BuildIndependentTargetsInParallel = 1;
				LastSwiftUpdateCheck = 1640;
				LastUpgradeCheck = 1640;
				TargetAttributes = {
					E946B0592F45310900F43C5B = {
						CreatedOnToolsVersion = 16.4;
					};
					E946B06A2F45310A00F43C5B = {
						CreatedOnToolsVersion = 16.4;
						TestTargetID = E946B0592F45310900F43C5B;
					};
					E946B0742F45310A00F43C5B = {
						CreatedOnToolsVersion = 16.4;
						TestTargetID = E946B0592F45310900F43C5B;
					};
				};
			};
			buildConfigurationList = E946B0552F45310900F43C5B /* Build configuration list for PBXProject "BistScreener" */;
			developmentRegion = en;
			hasScannedForEncodings = 0;
			knownRegions = (
				en,
				Base,
			);
			mainGroup = E946B0512F45310900F43C5B;
			minimizedProjectReferenceProxies = 1;
			preferredProjectObjectVersion = 77;
			productRefGroup = E946B05B2F45310900F43C5B /* Products */;
			projectDirPath = "";
			projectRoot = "";
			targets = (
				E946B0592F45310900F43C5B /* BistScreener */,
				E946B06A2F45310A00F43C5B /* BistScreenerTests */,
				E946B0742F45310A00F43C5B /* BistScreenerUITests */,
			);
		};
/* End PBXProject section */

/* Begin PBXResourcesBuildPhase section */
		E946B0582F45310900F43C5B /* Resources */ = {
			isa = PBXResourcesBuildPhase;
			buildActionMask = 2147483647;
			files = (
			);
			runOnlyForDeploymentPostprocessing = 0;
		};
		E946B0692F45310A00F43C5B /* Resources */ = {
			isa = PBXResourcesBuildPhase;
			buildActionMask = 2147483647;
			files = (
			);
			runOnlyForDeploymentPostprocessing = 0;
		};
		E946B0732F45310A00F43C5B /* Resources */ = {
			isa = PBXResourcesBuildPhase;
			buildActionMask = 2147483647;
			files = (
			);
			runOnlyForDeploymentPostprocessing = 0;
		};
/* End PBXResourcesBuildPhase section */

/* Begin PBXSourcesBuildPhase section */
		E946B0562F45310900F43C5B /* Sources */ = {
			isa = PBXSourcesBuildPhase;
			buildActionMask = 2147483647;
			files = (
			);
			runOnlyForDeploymentPostprocessing = 0;
		};
		E946B0672F45310A00F43C5B /* Sources */ = {
			isa = PBXSourcesBuildPhase;
			buildActionMask = 2147483647;
			files = (
			);
			runOnlyForDeploymentPostprocessing = 0;
		};
		E946B0712F45310A00F43C5B /* Sources */ = {
			isa = PBXSourcesBuildPhase;
			buildActionMask = 2147483647;
			files = (
			);
			runOnlyForDeploymentPostprocessing = 0;
		};
/* End PBXSourcesBuildPhase section */

/* Begin PBXTargetDependency section */
		E946B06D2F45310A00F43C5B /* PBXTargetDependency */ = {
			isa = PBXTargetDependency;
			target = E946B0592F45310900F43C5B /* BistScreener */;
			targetProxy = E946B06C2F45310A00F43C5B /* PBXContainerItemProxy */;
		};
		E946B0772F45310A00F43C5B /* PBXTargetDependency */ = {
			isa = PBXTargetDependency;
			target = E946B0592F45310900F43C5B /* BistScreener */;
			targetProxy = E946B0762F45310A00F43C5B /* PBXContainerItemProxy */;
		};
/* End PBXTargetDependency section */

/* Begin XCBuildConfiguration section */
		E946B07F2F45310A00F43C5B /* Debug */ = {
			isa = XCBuildConfiguration;
			buildSettings = {
				ASSETCATALOG_COMPILER_APPICON_NAME = AppIcon;
				ASSETCATALOG_COMPILER_GLOBAL_ACCENT_COLOR_NAME = AccentColor;
				CODE_SIGN_ENTITLEMENTS = BistScreener/BistScreener.entitlements;
				CODE_SIGN_STYLE = Automatic;
				CURRENT_PROJECT_VERSION = 1;
				DEVELOPMENT_TEAM = 573J3ZP6BR;
				ENABLE_PREVIEWS = YES;
				GENERATE_INFOPLIST_FILE = YES;
				INFOPLIST_FILE = BistScreener/Info.plist;
				INFOPLIST_KEY_UIApplicationSceneManifest_Generation = YES;
				INFOPLIST_KEY_UIApplicationSupportsIndirectInputEvents = YES;
				INFOPLIST_KEY_UILaunchScreen_Generation = YES;
				INFOPLIST_KEY_UISupportedInterfaceOrientations_iPad = "UIInterfaceOrientationPortrait UIInterfaceOrientationPortraitUpsideDown UIInterfaceOrientationLandscapeLeft UIInterfaceOrientationLandscapeRight";
				INFOPLIST_KEY_UISupportedInterfaceOrientations_iPhone = "UIInterfaceOrientationPortrait UIInterfaceOrientationLandscapeLeft UIInterfaceOrientationLandscapeRight";
				LD_RUNPATH_SEARCH_PATHS = (
					"$(inherited)",
					"@executable_path/Frameworks",
				);
				MARKETING_VERSION = 1.0;
				PRODUCT_BUNDLE_IDENTIFIER = com.sedat.BistScreener;
				PRODUCT_NAME = "$(TARGET_NAME)";
				SWIFT_EMIT_LOC_STRINGS = YES;
				SWIFT_VERSION = 5.0;
				TARGETED_DEVICE_FAMILY = "1,2";
			};
			name = Debug;
		};
		E946B0802F45310A00F43C5B /* Release */ = {
			isa = XCBuildConfiguration;
			buildSettings = {
				ASSETCATALOG_COMPILER_APPICON_NAME = AppIcon;
				ASSETCATALOG_COMPILER_GLOBAL_ACCENT_COLOR_NAME = AccentColor;
				CODE_SIGN_ENTITLEMENTS = BistScreener/BistScreener.entitlements;
				CODE_SIGN_STYLE = Automatic;
				CURRENT_PROJECT_VERSION = 1;
				DEVELOPMENT_TEAM = 573J3ZP6BR;
				ENABLE_PREVIEWS = YES;
				GENERATE_INFOPLIST_FILE = YES;
				INFOPLIST_FILE = BistScreener/Info.plist;
				INFOPLIST_KEY_UIApplicationSceneManifest_Generation = YES;
				INFOPLIST_KEY_UIApplicationSupportsIndirectInputEvents = YES;
				INFOPLIST_KEY_UILaunchScreen_Generation = YES;
				INFOPLIST_KEY_UISupportedInterfaceOrientations_iPad = "UIInterfaceOrientationPortrait UIInterfaceOrientationPortraitUpsideDown UIInterfaceOrientationLandscapeLeft UIInterfaceOrientationLandscapeRight";
				INFOPLIST_KEY_UISupportedInterfaceOrientations_iPhone = "UIInterfaceOrientationPortrait UIInterfaceOrientationLandscapeLeft UIInterfaceOrientationLandscapeRight";
				LD_RUNPATH_SEARCH_PATHS = (
					"$(inherited)",
					"@executable_path/Frameworks",
				);
				MARKETING_VERSION = 1.0;
				PRODUCT_BUNDLE_IDENTIFIER = com.sedat.BistScreener;
				PRODUCT_NAME = "$(TARGET_NAME)";
				SWIFT_EMIT_LOC_STRINGS = YES;
				SWIFT_VERSION = 5.0;
				TARGETED_DEVICE_FAMILY = "1,2";
			};
			name = Release;
		};
		E946B0812F45310A00F43C5B /* Debug */ = {
			isa = XCBuildConfiguration;
			buildSettings = {
				ALWAYS_SEARCH_USER_PATHS = NO;
				ASSETCATALOG_COMPILER_GENERATE_SWIFT_ASSET_SYMBOL_EXTENSIONS = YES;
				CLANG_ANALYZER_NONNULL = YES;
				CLANG_ANALYZER_NUMBER_OBJECT_CONVERSION = YES_AGGRESSIVE;
				CLANG_CXX_LANGUAGE_STANDARD = "gnu++20";
				CLANG_ENABLE_MODULES = YES;
				CLANG_ENABLE_OBJC_ARC = YES;
				CLANG_ENABLE_OBJC_WEAK = YES;
				CLANG_WARN_BLOCK_CAPTURE_AUTORELEASING = YES;
				CLANG_WARN_BOOL_CONVERSION = YES;
				CLANG_WARN_COMMA = YES;
				CLANG_WARN_CONSTANT_CONVERSION = YES;
				CLANG_WARN_DEPRECATED_OBJC_IMPLEMENTATIONS = YES;
				CLANG_WARN_DIRECT_OBJC_ISA_USAGE = YES_ERROR;
				CLANG_WARN_DOCUMENTATION_COMMENTS = YES;
				CLANG_WARN_EMPTY_BODY = YES;
				CLANG_WARN_ENUM_CONVERSION = YES;
				CLANG_WARN_INFINITE_RECURSION = YES;
				CLANG_WARN_INT_CONVERSION = YES;
				CLANG_WARN_NON_LITERAL_NULL_CONVERSION = YES;
				CLANG_WARN_OBJC_IMPLICIT_RETAIN_SELF = YES;
				CLANG_WARN_OBJC_LITERAL_CONVERSION = YES;
				CLANG_WARN_OBJC_ROOT_CLASS = YES_ERROR;
				CLANG_WARN_QUOTED_INCLUDE_IN_FRAMEWORK_HEADER = YES;
				CLANG_WARN_RANGE_LOOP_ANALYSIS = YES;
				CLANG_WARN_STRICT_PROTOTYPES = YES;
				CLANG_WARN_SUSPICIOUS_MOVE = YES;
				CLANG_WARN_UNGUARDED_AVAILABILITY = YES_AGGRESSIVE;
				CLANG_WARN_UNREACHABLE_CODE = YES;
				CLANG_WARN__DUPLICATE_METHOD_MATCH = YES;
				COPY_PHASE_STRIP = NO;
				DEBUG_INFORMATION_FORMAT = dwarf;
				DEVELOPMENT_TEAM = 573J3ZP6BR;
				ENABLE_STRICT_OBJC_MSGSEND = YES;
				ENABLE_TESTABILITY = YES;
				ENABLE_USER_SCRIPT_SANDBOXING = YES;
				GCC_C_LANGUAGE_STANDARD = gnu17;
				GCC_DYNAMIC_NO_PIC = NO;
				GCC_NO_COMMON_BLOCKS = YES;
				GCC_OPTIMIZATION_LEVEL = 0;
				GCC_PREPROCESSOR_DEFINITIONS = (
					"DEBUG=1",
					"$(inherited)",
				);
				GCC_WARN_64_TO_32_BIT_CONVERSION = YES;
				GCC_WARN_ABOUT_RETURN_TYPE = YES_ERROR;
				GCC_WARN_UNDECLARED_SELECTOR = YES;
				GCC_WARN_UNINITIALIZED_AUTOS = YES_AGGRESSIVE;
				GCC_WARN_UNUSED_FUNCTION = YES;
				GCC_WARN_UNUSED_VARIABLE = YES;
				IPHONEOS_DEPLOYMENT_TARGET = 18.5;
				LOCALIZATION_PREFERS_STRING_CATALOGS = YES;
				MTL_ENABLE_DEBUG_INFO = INCLUDE_SOURCE;
				MTL_FAST_MATH = YES;
				ONLY_ACTIVE_ARCH = YES;
				SDKROOT = iphoneos;
				SWIFT_ACTIVE_COMPILATION_CONDITIONS = "DEBUG $(inherited)";
				SWIFT_OPTIMIZATION_LEVEL = "-Onone";
			};
			name = Debug;
		};
		E946B0822F45310A00F43C5B /* Release */ = {
			isa = XCBuildConfiguration;
			buildSettings = {
				ALWAYS_SEARCH_USER_PATHS = NO;
				ASSETCATALOG_COMPILER_GENERATE_SWIFT_ASSET_SYMBOL_EXTENSIONS = YES;
				CLANG_ANALYZER_NONNULL = YES;
				CLANG_ANALYZER_NUMBER_OBJECT_CONVERSION = YES_AGGRESSIVE;
				CLANG_CXX_LANGUAGE_STANDARD = "gnu++20";
				CLANG_ENABLE_MODULES = YES;
				CLANG_ENABLE_OBJC_ARC = YES;
				CLANG_ENABLE_OBJC_WEAK = YES;
				CLANG_WARN_BLOCK_CAPTURE_AUTORELEASING = YES;
				CLANG_WARN_BOOL_CONVERSION = YES;
				CLANG_WARN_COMMA = YES;
				CLANG_WARN_CONSTANT_CONVERSION = YES;
				CLANG_WARN_DEPRECATED_OBJC_IMPLEMENTATIONS = YES;
				CLANG_WARN_DIRECT_OBJC_ISA_USAGE = YES_ERROR;
				CLANG_WARN_DOCUMENTATION_COMMENTS = YES;
				CLANG_WARN_EMPTY_BODY = YES;
				CLANG_WARN_ENUM_CONVERSION = YES;
				CLANG_WARN_INFINITE_RECURSION = YES;
				CLANG_WARN_INT_CONVERSION = YES;
				CLANG_WARN_NON_LITERAL_NULL_CONVERSION = YES;
				CLANG_WARN_OBJC_IMPLICIT_RETAIN_SELF = YES;
				CLANG_WARN_OBJC_LITERAL_CONVERSION = YES;
				CLANG_WARN_OBJC_ROOT_CLASS = YES_ERROR;
				CLANG_WARN_QUOTED_INCLUDE_IN_FRAMEWORK_HEADER = YES;
				CLANG_WARN_RANGE_LOOP_ANALYSIS = YES;
				CLANG_WARN_STRICT_PROTOTYPES = YES;
				CLANG_WARN_SUSPICIOUS_MOVE = YES;
				CLANG_WARN_UNGUARDED_AVAILABILITY = YES_AGGRESSIVE;
				CLANG_WARN_UNREACHABLE_CODE = YES;
				CLANG_WARN__DUPLICATE_METHOD_MATCH = YES;
				COPY_PHASE_STRIP = NO;
				DEBUG_INFORMATION_FORMAT = "dwarf-with-dsym";
				DEVELOPMENT_TEAM = 573J3ZP6BR;
				ENABLE_NS_ASSERTIONS = NO;
				ENABLE_STRICT_OBJC_MSGSEND = YES;
				ENABLE_USER_SCRIPT_SANDBOXING = YES;
				GCC_C_LANGUAGE_STANDARD = gnu17;
				GCC_NO_COMMON_BLOCKS = YES;
				GCC_WARN_64_TO_32_BIT_CONVERSION = YES;
				GCC_WARN_ABOUT_RETURN_TYPE = YES_ERROR;
				GCC_WARN_UNDECLARED_SELECTOR = YES;
				GCC_WARN_UNINITIALIZED_AUTOS = YES_AGGRESSIVE;
				GCC_WARN_UNUSED_FUNCTION = YES;
				GCC_WARN_UNUSED_VARIABLE = YES;
				IPHONEOS_DEPLOYMENT_TARGET = 18.5;
				LOCALIZATION_PREFERS_STRING_CATALOGS = YES;
				MTL_ENABLE_DEBUG_INFO = NO;
				MTL_FAST_MATH = YES;
				SDKROOT = iphoneos;
				SWIFT_COMPILATION_MODE = wholemodule;
				VALIDATE_PRODUCT = YES;
			};
			name = Release;
		};
		E946B0842F45310A00F43C5B /* Debug */ = {
			isa = XCBuildConfiguration;
			buildSettings = {
				BUNDLE_LOADER = "$(TEST_HOST)";
				CODE_SIGN_STYLE = Automatic;
				CURRENT_PROJECT_VERSION = 1;
				DEVELOPMENT_TEAM = 573J3ZP6BR;
				GENERATE_INFOPLIST_FILE = YES;
				IPHONEOS_DEPLOYMENT_TARGET = 18.5;
				MARKETING_VERSION = 1.0;
				PRODUCT_BUNDLE_IDENTIFIER = com.sedat.BistScreenerTests;
				PRODUCT_NAME = "$(TARGET_NAME)";
				SWIFT_EMIT_LOC_STRINGS = NO;
				SWIFT_VERSION = 5.0;
				TARGETED_DEVICE_FAMILY = "1,2";
				TEST_HOST = "$(BUILT_PRODUCTS_DIR)/BistScreener.app/$(BUNDLE_EXECUTABLE_FOLDER_PATH)/BistScreener";
			};
			name = Debug;
		};
		E946B0852F45310A00F43C5B /* Release */ = {
			isa = XCBuildConfiguration;
			buildSettings = {
				BUNDLE_LOADER = "$(TEST_HOST)";
				CODE_SIGN_STYLE = Automatic;
				CURRENT_PROJECT_VERSION = 1;
				DEVELOPMENT_TEAM = 573J3ZP6BR;
				GENERATE_INFOPLIST_FILE = YES;
				IPHONEOS_DEPLOYMENT_TARGET = 18.5;
				MARKETING_VERSION = 1.0;
				PRODUCT_BUNDLE_IDENTIFIER = com.sedat.BistScreenerTests;
				PRODUCT_NAME = "$(TARGET_NAME)";
				SWIFT_EMIT_LOC_STRINGS = NO;
				SWIFT_VERSION = 5.0;
				TARGETED_DEVICE_FAMILY = "1,2";
				TEST_HOST = "$(BUILT_PRODUCTS_DIR)/BistScreener.app/$(BUNDLE_EXECUTABLE_FOLDER_PATH)/BistScreener";
			};
			name = Release;
		};
		E946B0872F45310A00F43C5B /* Debug */ = {
			isa = XCBuildConfiguration;
			buildSettings = {
				CODE_SIGN_STYLE = Automatic;
				CURRENT_PROJECT_VERSION = 1;
				DEVELOPMENT_TEAM = 573J3ZP6BR;
				GENERATE_INFOPLIST_FILE = YES;
				MARKETING_VERSION = 1.0;
				PRODUCT_BUNDLE_IDENTIFIER = com.sedat.BistScreenerUITests;
				PRODUCT_NAME = "$(TARGET_NAME)";
				SWIFT_EMIT_LOC_STRINGS = NO;
				SWIFT_VERSION = 5.0;
				TARGETED_DEVICE_FAMILY = "1,2";
				TEST_TARGET_NAME = BistScreener;
			};
			name = Debug;
		};
		E946B0882F45310A00F43C5B /* Release */ = {
			isa = XCBuildConfiguration;
			buildSettings = {
				CODE_SIGN_STYLE = Automatic;
				CURRENT_PROJECT_VERSION = 1;
				DEVELOPMENT_TEAM = 573J3ZP6BR;
				GENERATE_INFOPLIST_FILE = YES;
				MARKETING_VERSION = 1.0;
				PRODUCT_BUNDLE_IDENTIFIER = com.sedat.BistScreenerUITests;
				PRODUCT_NAME = "$(TARGET_NAME)";
				SWIFT_EMIT_LOC_STRINGS = NO;
				SWIFT_VERSION = 5.0;
				TARGETED_DEVICE_FAMILY = "1,2";
				TEST_TARGET_NAME = BistScreener;
			};
			name = Release;
		};
/* End XCBuildConfiguration section */

/* Begin XCConfigurationList section */
		E946B0552F45310900F43C5B /* Build configuration list for PBXProject "BistScreener" */ = {
			isa = XCConfigurationList;
			buildConfigurations = (
				E946B0812F45310A00F43C5B /* Debug */,
				E946B0822F45310A00F43C5B /* Release */,
			);
			defaultConfigurationIsVisible = 0;
			defaultConfigurationName = Release;
		};
		E946B07E2F45310A00F43C5B /* Build configuration list for PBXNativeTarget "BistScreener" */ = {
			isa = XCConfigurationList;
			buildConfigurations = (
				E946B07F2F45310A00F43C5B /* Debug */,
				E946B0802F45310A00F43C5B /* Release */,
			);
			defaultConfigurationIsVisible = 0;
			defaultConfigurationName = Release;
		};
		E946B0832F45310A00F43C5B /* Build configuration list for PBXNativeTarget "BistScreenerTests" */ = {
			isa = XCConfigurationList;
			buildConfigurations = (
				E946B0842F45310A00F43C5B /* Debug */,
				E946B0852F45310A00F43C5B /* Release */,
			);
			defaultConfigurationIsVisible = 0;
			defaultConfigurationName = Release;
		};
		E946B0862F45310A00F43C5B /* Build configuration list for PBXNativeTarget "BistScreenerUITests" */ = {
			isa = XCConfigurationList;
			buildConfigurations = (
				E946B0872F45310A00F43C5B /* Debug */,
				E946B0882F45310A00F43C5B /* Release */,
			);
			defaultConfigurationIsVisible = 0;
			defaultConfigurationName = Release;
		};
/* End XCConfigurationList section */
	};
	rootObject = E946B0522F45310900F43C5B /* Project object */;
}
